<?xml version="1.0" encoding="utf-8"?>
<Project ToolsVersion="4.0" xmlns="http://schemas.microsoft.com/developer/msbuild/2003">
  <ItemGroup>
    <Filter Include="Source Files">
      <UniqueIdentifier>{4FC737F1-C7A5-4376-A066-2A32D752A2FF}</UniqueIdentifier>
      <Extensions>cpp;c;cc;cxx;def;odl;idl;hpj;bat;asm;asmx</Extensions>
    </Filter>
    <Filter Include="Header Files">
      <UniqueIdentifier>{93995380-89BD-4b04-88EB-625FBE52EBFB}</UniqueIdentifier>
      <Extensions>h;hpp;hxx;hm;inl;inc;xsd</Extensions>
    </Filter>
    <Filter Include="Resource Files">
      <UniqueIdentifier>{67DA6AB6-F800-4c08-8B7A-83BB121AAD01}</UniqueIdentifier>
      <Extensions>rc;ico;cur;bmp;dlg;rc2;rct;bin;rgs;gif;jpg;jpeg;jpe;resx;tiff;tif;png;wav;mfcribbon-ms</Extensions>
    </Filter>
    <Filter Include="Source Files\Support">
      <UniqueIdentifier>{3648eaea-9df9-4379-ad9d-918516f2e131}</UniqueIdentifier>
    </Filter>
    <Filter Include="Header Files\Support">
      <UniqueIdentifier>{9ec90087-60ef-4ed0-bc2d-7f936a83f234}</UniqueIdentifier>
    </Filter>
  </ItemGroup>
  <ItemGroup>
    <ClCompile Include="cheader.cpp">
      <Filter>Source Files</Filter>
    </ClCompile>
    <ClCompile Include="cresponse.cpp">
      <Filter>Source Files</Filter>
    </ClCompile>
    <ClCompile Include="main.cpp">
      <Filter>Source Files</Filter>
    </ClCompile>
    <ClCompile Include="web.cpp">
      <Filter>Source Files</Filter>
    </ClCompile>
    <ClCompile Include="thread_windows.cpp">
      <Filter>Source Files\Support</Filter>
    </ClCompile>
    <ClCompile Include="thread_linux.cpp">
      <Filter>Source Files\Support</Filter>
    </ClCompile>
    <ClCompile Include="thread_compat.cpp">
      <Filter>Source Files\Support</Filter>
    </ClCompile>
    <ClCompile Include="string_util.cpp">
      <Filter>Source Files\Support</Filter>
    </ClCompile>
    <ClCompile Include="socket_windows.cpp">
      <Filter>Source Files\Support</Filter>
    </ClCompile>
    <ClCompile Include="socket_linux.cpp">
      <Filter>Source Files\Support</Filter>
    </ClCompile>
  </ItemGroup>
  <ItemGroup>
    <ClInclude Include="cheader.h">
      <Filter>Header Files</Filter>
    </ClInclude>
    <ClInclude Include="cresponse.h">
      <Filter>Header Files</Filter>
    </ClInclude>
    <ClInclude Include="web.h">
      <Filter>Header Files</Filter>
    </ClInclude>
    <ClInclude Include="thread_windows.h">
      <Filter>Header Files\Support</Filter>
    </ClInclude>
    <ClInclude Include="thread_linux.h">
      <Filter>Header Files\Support</Filter>
    </ClInclude>
    <ClInclude Include="thread_compat.h">
      <Filter>Header Files\Support</Filter>
    </ClInclude>
    <ClInclude Include="string_util.h">
      <Filter>Header Files\Support</Filter>
    </ClInclude>
    <ClInclude Include="socket_windows.h">
      <Filter>Header Files\Support</Filter>
    </ClInclude>
    <ClInclude Include="socket_linux.h">
      <Filter>Header Files\Support</Filter>
    </ClInclude>
    <ClInclude Include="socket_compat.h">
      <Filter>Header Files\Support</Filter>
    </ClInclude>
    <ClInclude Include="compat.h">
      <Filter>Header Files\Support</Filter>
    </ClInclude>
  </ItemGroup>
</Project>